{
  "version": 4,
  "terraform_version": "1.3.7",
  "serial": 6,
  "lineage": "7ff373e1-c802-2c01-7eb2-74efe7cf433a",
  "outputs": {
    "lambda": {
      "value": "arn:aws:lambda:us-east-1:252252146770:function:greet_lambda:$LATEST",
      "type": "string"
    }
  },
  "resources": [
    {
      "mode": "data",
      "type": "archive_file",
      "name": "zip",
      "provider": "provider[\"registry.terraform.io/hashicorp/archive\"]",
      "instances": [
        {
          "schema_version": 0,
          "attributes": {
            "exclude_symlink_directories": null,
            "excludes": null,
            "id": "fa189146e472f91eab5cb3ec7a5d0e255c0bb365",
            "output_base64sha256": "adxpf22UZPWYyZIbLBLTqGhfJAfoljVojsoO1Oo2Iwc=",
            "output_base64sha512": "zI9P7y9Yu7oo9BL3R1jBKb5ysTuFZlgoVxN6l8lFK2NhQyA/tRfW7ANTuYS/NFxmdy3Sg8Xqc6/nWTt+GTZ7VQ==",
            "output_file_mode": null,
            "output_md5": "4675868d49d66cd9dd5854f72822d7de",
            "output_path": "greet_lambda.zip",
            "output_sha": "fa189146e472f91eab5cb3ec7a5d0e255c0bb365",
            "output_sha256": "69dc697f6d9464f598c9921b2c12d3a8685f2407e89635688eca0ed4ea362307",
            "output_sha512": "cc8f4fef2f58bbba28f412f74758c129be72b13b8566582857137a97c9452b636143203fb517d6ec0353b984bf345c66772dd283c5ea73afe7593b7e19367b55",
            "output_size": 248,
            "source": [],
            "source_content": null,
            "source_content_filename": null,
            "source_dir": null,
            "source_file": "greet_lambda.py",
            "type": "zip"
          },
          "sensitive_attributes": []
        }
      ]
    },
    {
      "mode": "data",
      "type": "aws_iam_policy_document",
      "name": "policy",
      "provider": "provider[\"registry.terraform.io/hashicorp/aws\"]",
      "instances": [
        {
          "schema_version": 0,
          "attributes": {
            "id": "2690255455",
            "json": "{\n  \"Version\": \"2012-10-17\",\n  \"Statement\": [\n    {\n      \"Effect\": \"Allow\",\n      \"Action\": \"sts:AssumeRole\",\n      \"Principal\": {\n        \"Service\": \"lambda.amazonaws.com\"\n      }\n    }\n  ]\n}",
            "override_policy_documents": null,
            "policy_id": null,
            "source_policy_documents": null,
            "statement": [
              {
                "actions": [
                  "sts:AssumeRole"
                ],
                "condition": [],
                "effect": "Allow",
                "not_actions": [],
                "not_principals": [],
                "not_resources": [],
                "principals": [
                  {
                    "identifiers": [
                      "lambda.amazonaws.com"
                    ],
                    "type": "Service"
                  }
                ],
                "resources": [],
                "sid": ""
              }
            ],
            "version": "2012-10-17"
          },
          "sensitive_attributes": []
        }
      ]
    },
    {
      "mode": "managed",
      "type": "aws_iam_role",
      "name": "iam_for_lambda",
      "provider": "provider[\"registry.terraform.io/hashicorp/aws\"]",
      "instances": [
        {
          "schema_version": 0,
          "attributes": {
            "arn": "arn:aws:iam::252252146770:role/iam_for_lambda",
            "assume_role_policy": "{\"Statement\":[{\"Action\":\"sts:AssumeRole\",\"Effect\":\"Allow\",\"Principal\":{\"Service\":\"lambda.amazonaws.com\"}}],\"Version\":\"2012-10-17\"}",
            "create_date": "2023-08-21T05:37:59Z",
            "description": "",
            "force_detach_policies": false,
            "id": "iam_for_lambda",
            "inline_policy": [],
            "managed_policy_arns": [],
            "max_session_duration": 3600,
            "name": "iam_for_lambda",
            "name_prefix": "",
            "path": "/",
            "permissions_boundary": null,
            "tags": {},
            "tags_all": {},
            "unique_id": "AROATVO3GJRJL6URVCRUN"
          },
          "sensitive_attributes": [],
          "private": "bnVsbA==",
          "dependencies": [
            "data.aws_iam_policy_document.policy"
          ]
        }
      ]
    },
    {
      "mode": "managed",
      "type": "aws_lambda_function",
      "name": "lambda",
      "provider": "provider[\"registry.terraform.io/hashicorp/aws\"]",
      "instances": [
        {
          "schema_version": 0,
          "attributes": {
            "architectures": [
              "x86_64"
            ],
            "arn": "arn:aws:lambda:us-east-1:252252146770:function:greet_lambda",
            "code_signing_config_arn": "",
            "dead_letter_config": [],
            "description": "",
            "environment": [],
            "ephemeral_storage": [
              {
                "size": 512
              }
            ],
            "file_system_config": [],
            "filename": "greet_lambda.zip",
            "function_name": "greet_lambda",
            "handler": "greet_lambda.lambda_handler",
            "id": "greet_lambda",
            "image_config": [],
            "image_uri": "",
            "invoke_arn": "arn:aws:apigateway:us-east-1:lambda:path/2015-03-31/functions/arn:aws:lambda:us-east-1:252252146770:function:greet_lambda/invocations",
            "kms_key_arn": "",
            "last_modified": "2023-08-21T05:38:31.870+0000",
            "layers": null,
            "memory_size": 128,
            "package_type": "Zip",
            "publish": false,
            "qualified_arn": "arn:aws:lambda:us-east-1:252252146770:function:greet_lambda:$LATEST",
            "qualified_invoke_arn": "arn:aws:apigateway:us-east-1:lambda:path/2015-03-31/functions/arn:aws:lambda:us-east-1:252252146770:function:greet_lambda:$LATEST/invocations",
            "replace_security_groups_on_destroy": null,
            "replacement_security_group_ids": null,
            "reserved_concurrent_executions": -1,
            "role": "arn:aws:iam::252252146770:role/iam_for_lambda",
            "runtime": "python3.9",
            "s3_bucket": null,
            "s3_key": null,
            "s3_object_version": null,
            "signing_job_arn": "",
            "signing_profile_version_arn": "",
            "skip_destroy": false,
            "snap_start": [],
            "source_code_hash": "adxpf22UZPWYyZIbLBLTqGhfJAfoljVojsoO1Oo2Iwc=",
            "source_code_size": 248,
            "tags": null,
            "tags_all": {},
            "timeout": 3,
            "timeouts": null,
            "tracing_config": [
              {
                "mode": "PassThrough"
              }
            ],
            "version": "$LATEST",
            "vpc_config": []
          },
          "sensitive_attributes": [],
          "private": "eyJlMmJmYjczMC1lY2FhLTExZTYtOGY4OC0zNDM2M2JjN2M0YzAiOnsiY3JlYXRlIjo2MDAwMDAwMDAwMDAsImRlbGV0ZSI6NjAwMDAwMDAwMDAwLCJ1cGRhdGUiOjYwMDAwMDAwMDAwMH19",
          "dependencies": [
            "aws_iam_role.iam_for_lambda",
            "data.archive_file.zip"
          ]
        }
      ]
    }
  ],
  "check_results": null
}
